// !$*UTF8*$!
{
	archiveVersion = 1;
	classes = {
	};
	objectVersion = 50;
	objects = {

/* Begin PBXBuildFile section */
		E10B9C0F270C56EF00130B90 /* AppDelegate.swift in Sources */ = {isa = PBXBuildFile; fileRef = E10B9C0E270C56EF00130B90 /* AppDelegate.swift */; };
		E10B9C11270C56EF00130B90 /* SceneDelegate.swift in Sources */ = {isa = PBXBuildFile; fileRef = E10B9C10270C56EF00130B90 /* SceneDelegate.swift */; };
		E10B9C13270C56EF00130B90 /* ContentView.swift in Sources */ = {isa = PBXBuildFile; fileRef = E10B9C12270C56EF00130B90 /* ContentView.swift */; };
		E10B9C15270C56F200130B90 /* Assets.xcassets in Resources */ = {isa = PBXBuildFile; fileRef = E10B9C14270C56F200130B90 /* Assets.xcassets */; };
		E10B9C18270C56F200130B90 /* Preview Assets.xcassets in Resources */ = {isa = PBXBuildFile; fileRef = E10B9C17270C56F200130B90 /* Preview Assets.xcassets */; };
		E10B9C1B270C56F200130B90 /* LaunchScreen.storyboard in Resources */ = {isa = PBXBuildFile; fileRef = E10B9C19270C56F200130B90 /* LaunchScreen.storyboard */; };
		E10B9C26270C56F200130B90 /* BulletTests.swift in Sources */ = {isa = PBXBuildFile; fileRef = E10B9C25270C56F200130B90 /* BulletTests.swift */; };
		E10B9C31270C56F200130B90 /* BulletUITests.swift in Sources */ = {isa = PBXBuildFile; fileRef = E10B9C30270C56F200130B90 /* BulletUITests.swift */; };
		E10B9C3F270C571000130B90 /* Sight.swift in Sources */ = {isa = PBXBuildFile; fileRef = E10B9C3E270C571000130B90 /* Sight.swift */; };
		E10B9C42270C57A500130B90 /* Bullet.swift in Sources */ = {isa = PBXBuildFile; fileRef = E10B9C41270C57A500130B90 /* Bullet.swift */; };
		E1CFCF7B270C7461007A21AF /* SightTests.swift in Sources */ = {isa = PBXBuildFile; fileRef = E1CFCF7A270C7461007A21AF /* SightTests.swift */; };
		E1CFCF7C270C748B007A21AF /* Bullet.swift in Sources */ = {isa = PBXBuildFile; fileRef = E10B9C41270C57A500130B90 /* Bullet.swift */; };
		E1CFCF7D270C75A0007A21AF /* Sight.swift in Sources */ = {isa = PBXBuildFile; fileRef = E10B9C3E270C571000130B90 /* Sight.swift */; };
		E1CFCF7F270C7AAF007A21AF /* Bag.swift in Sources */ = {isa = PBXBuildFile; fileRef = E1CFCF7E270C7AAF007A21AF /* Bag.swift */; };
/* End PBXBuildFile section */

/* Begin PBXContainerItemProxy section */
		E10B9C22270C56F200130B90 /* PBXContainerItemProxy */ = {
			isa = PBXContainerItemProxy;
			containerPortal = E10B9C03270C56EF00130B90 /* Project object */;
			proxyType = 1;
			remoteGlobalIDString = E10B9C0A270C56EF00130B90;
			remoteInfo = Bullet;
		};
		E10B9C2D270C56F200130B90 /* PBXContainerItemProxy */ = {
			isa = PBXContainerItemProxy;
			containerPortal = E10B9C03270C56EF00130B90 /* Project object */;
			proxyType = 1;
			remoteGlobalIDString = E10B9C0A270C56EF00130B90;
			remoteInfo = Bullet;
		};
/* End PBXContainerItemProxy section */

/* Begin PBXFileReference section */
		E10B9C0B270C56EF00130B90 /* Bullet.app */ = {isa = PBXFileReference; explicitFileType = wrapper.application; includeInIndex = 0; path = Bullet.app; sourceTree = BUILT_PRODUCTS_DIR; };
		E10B9C0E270C56EF00130B90 /* AppDelegate.swift */ = {isa = PBXFileReference; lastKnownFileType = sourcecode.swift; path = AppDelegate.swift; sourceTree = "<group>"; };
		E10B9C10270C56EF00130B90 /* SceneDelegate.swift */ = {isa = PBXFileReference; lastKnownFileType = sourcecode.swift; path = SceneDelegate.swift; sourceTree = "<group>"; };
		E10B9C12270C56EF00130B90 /* ContentView.swift */ = {isa = PBXFileReference; lastKnownFileType = sourcecode.swift; path = ContentView.swift; sourceTree = "<group>"; };
		E10B9C14270C56F200130B90 /* Assets.xcassets */ = {isa = PBXFileReference; lastKnownFileType = folder.assetcatalog; path = Assets.xcassets; sourceTree = "<group>"; };
		E10B9C17270C56F200130B90 /* Preview Assets.xcassets */ = {isa = PBXFileReference; lastKnownFileType = folder.assetcatalog; path = "Preview Assets.xcassets"; sourceTree = "<group>"; };
		E10B9C1A270C56F200130B90 /* Base */ = {isa = PBXFileReference; lastKnownFileType = file.storyboard; name = Base; path = Base.lproj/LaunchScreen.storyboard; sourceTree = "<group>"; };
		E10B9C1C270C56F200130B90 /* Info.plist */ = {isa = PBXFileReference; lastKnownFileType = text.plist.xml; path = Info.plist; sourceTree = "<group>"; };
		E10B9C21270C56F200130B90 /* BulletTests.xctest */ = {isa = PBXFileReference; explicitFileType = wrapper.cfbundle; includeInIndex = 0; path = BulletTests.xctest; sourceTree = BUILT_PRODUCTS_DIR; };
		E10B9C25270C56F200130B90 /* BulletTests.swift */ = {isa = PBXFileReference; lastKnownFileType = sourcecode.swift; path = BulletTests.swift; sourceTree = "<group>"; };
		E10B9C27270C56F200130B90 /* Info.plist */ = {isa = PBXFileReference; lastKnownFileType = text.plist.xml; path = Info.plist; sourceTree = "<group>"; };
		E10B9C2C270C56F200130B90 /* BulletUITests.xctest */ = {isa = PBXFileReference; explicitFileType = wrapper.cfbundle; includeInIndex = 0; path = BulletUITests.xctest; sourceTree = BUILT_PRODUCTS_DIR; };
		E10B9C30270C56F200130B90 /* BulletUITests.swift */ = {isa = PBXFileReference; lastKnownFileType = sourcecode.swift; path = BulletUITests.swift; sourceTree = "<group>"; };
		E10B9C32270C56F200130B90 /* Info.plist */ = {isa = PBXFileReference; lastKnownFileType = text.plist.xml; path = Info.plist; sourceTree = "<group>"; };
		E10B9C3E270C571000130B90 /* Sight.swift */ = {isa = PBXFileReference; lastKnownFileType = sourcecode.swift; path = Sight.swift; sourceTree = "<group>"; };
		E10B9C41270C57A500130B90 /* Bullet.swift */ = {isa = PBXFileReference; lastKnownFileType = sourcecode.swift; path = Bullet.swift; sourceTree = "<group>"; };
		E1CFCF7A270C7461007A21AF /* SightTests.swift */ = {isa = PBXFileReference; lastKnownFileType = sourcecode.swift; path = SightTests.swift; sourceTree = "<group>"; };
		E1CFCF7E270C7AAF007A21AF /* Bag.swift */ = {isa = PBXFileReference; lastKnownFileType = sourcecode.swift; path = Bag.swift; sourceTree = "<group>"; };
/* End PBXFileReference section */

/* Begin PBXFrameworksBuildPhase section */
		E10B9C08270C56EF00130B90 /* Frameworks */ = {
			isa = PBXFrameworksBuildPhase;
			buildActionMask = 2147483647;
			files = (
			);
			runOnlyForDeploymentPostprocessing = 0;
		};
		E10B9C1E270C56F200130B90 /* Frameworks */ = {
			isa = PBXFrameworksBuildPhase;
			buildActionMask = 2147483647;
			files = (
			);
			runOnlyForDeploymentPostprocessing = 0;
		};
		E10B9C29270C56F200130B90 /* Frameworks */ = {
			isa = PBXFrameworksBuildPhase;
			buildActionMask = 2147483647;
			files = (
			);
			runOnlyForDeploymentPostprocessing = 0;
		};
/* End PBXFrameworksBuildPhase section */

/* Begin PBXGroup section */
		E10B9C02270C56EF00130B90 = {
			isa = PBXGroup;
			children = (
				E10B9C0D270C56EF00130B90 /* Bullet */,
				E10B9C24270C56F200130B90 /* BulletTests */,
				E10B9C2F270C56F200130B90 /* BulletUITests */,
				E10B9C0C270C56EF00130B90 /* Products */,
			);
			sourceTree = "<group>";
		};
		E10B9C0C270C56EF00130B90 /* Products */ = {
			isa = PBXGroup;
			children = (
				E10B9C0B270C56EF00130B90 /* Bullet.app */,
				E10B9C21270C56F200130B90 /* BulletTests.xctest */,
				E10B9C2C270C56F200130B90 /* BulletUITests.xctest */,
			);
			name = Products;
			sourceTree = "<group>";
		};
		E10B9C0D270C56EF00130B90 /* Bullet */ = {
			isa = PBXGroup;
			children = (
				E10B9C0E270C56EF00130B90 /* AppDelegate.swift */,
				E10B9C10270C56EF00130B90 /* SceneDelegate.swift */,
				E10B9C12270C56EF00130B90 /* ContentView.swift */,
				E10B9C40270C579700130B90 /* Boardgame */,
				E10B9C14270C56F200130B90 /* Assets.xcassets */,
				E10B9C19270C56F200130B90 /* LaunchScreen.storyboard */,
				E10B9C1C270C56F200130B90 /* Info.plist */,
				E10B9C16270C56F200130B90 /* Preview Content */,
			);
			path = Bullet;
			sourceTree = "<group>";
		};
		E10B9C16270C56F200130B90 /* Preview Content */ = {
			isa = PBXGroup;
			children = (
				E10B9C17270C56F200130B90 /* Preview Assets.xcassets */,
			);
			path = "Preview Content";
			sourceTree = "<group>";
		};
		E10B9C24270C56F200130B90 /* BulletTests */ = {
			isa = PBXGroup;
			children = (
				E10B9C25270C56F200130B90 /* BulletTests.swift */,
				E1CFCF7A270C7461007A21AF /* SightTests.swift */,
				E10B9C27270C56F200130B90 /* Info.plist */,
			);
			path = BulletTests;
			sourceTree = "<group>";
		};
		E10B9C2F270C56F200130B90 /* BulletUITests */ = {
			isa = PBXGroup;
			children = (
				E10B9C30270C56F200130B90 /* BulletUITests.swift */,
				E10B9C32270C56F200130B90 /* Info.plist */,
			);
			path = BulletUITests;
			sourceTree = "<group>";
		};
		E10B9C40270C579700130B90 /* Boardgame */ = {
			isa = PBXGroup;
			children = (
				E10B9C3E270C571000130B90 /* Sight.swift */,
				E10B9C41270C57A500130B90 /* Bullet.swift */,
				E1CFCF7E270C7AAF007A21AF /* Bag.swift */,
			);
			path = Boardgame;
			sourceTree = "<group>";
		};
/* End PBXGroup section */

/* Begin PBXNativeTarget section */
		E10B9C0A270C56EF00130B90 /* Bullet */ = {
			isa = PBXNativeTarget;
			buildConfigurationList = E10B9C35270C56F200130B90 /* Build configuration list for PBXNativeTarget "Bullet" */;
			buildPhases = (
				E10B9C07270C56EF00130B90 /* Sources */,
				E10B9C08270C56EF00130B90 /* Frameworks */,
				E10B9C09270C56EF00130B90 /* Resources */,
			);
			buildRules = (
			);
			dependencies = (
			);
			name = Bullet;
			productName = Bullet;
			productReference = E10B9C0B270C56EF00130B90 /* Bullet.app */;
			productType = "com.apple.product-type.application";
		};
		E10B9C20270C56F200130B90 /* BulletTests */ = {
			isa = PBXNativeTarget;
			buildConfigurationList = E10B9C38270C56F200130B90 /* Build configuration list for PBXNativeTarget "BulletTests" */;
			buildPhases = (
				E10B9C1D270C56F200130B90 /* Sources */,
				E10B9C1E270C56F200130B90 /* Frameworks */,
				E10B9C1F270C56F200130B90 /* Resources */,
			);
			buildRules = (
			);
			dependencies = (
				E10B9C23270C56F200130B90 /* PBXTargetDependency */,
			);
			name = BulletTests;
			productName = BulletTests;
			productReference = E10B9C21270C56F200130B90 /* BulletTests.xctest */;
			productType = "com.apple.product-type.bundle.unit-test";
		};
		E10B9C2B270C56F200130B90 /* BulletUITests */ = {
			isa = PBXNativeTarget;
			buildConfigurationList = E10B9C3B270C56F200130B90 /* Build configuration list for PBXNativeTarget "BulletUITests" */;
			buildPhases = (
				E10B9C28270C56F200130B90 /* Sources */,
				E10B9C29270C56F200130B90 /* Frameworks */,
				E10B9C2A270C56F200130B90 /* Resources */,
			);
			buildRules = (
			);
			dependencies = (
				E10B9C2E270C56F200130B90 /* PBXTargetDependency */,
			);
			name = BulletUITests;
			productName = BulletUITests;
			productReference = E10B9C2C270C56F200130B90 /* BulletUITests.xctest */;
			productType = "com.apple.product-type.bundle.ui-testing";
		};
/* End PBXNativeTarget section */

/* Begin PBXProject section */
		E10B9C03270C56EF00130B90 /* Project object */ = {
			isa = PBXProject;
			attributes = {
				LastSwiftUpdateCheck = 1250;
				LastUpgradeCheck = 1250;
				TargetAttributes = {
					E10B9C0A270C56EF00130B90 = {
						CreatedOnToolsVersion = 12.5.1;
					};
					E10B9C20270C56F200130B90 = {
						CreatedOnToolsVersion = 12.5.1;
						TestTargetID = E10B9C0A270C56EF00130B90;
					};
					E10B9C2B270C56F200130B90 = {
						CreatedOnToolsVersion = 12.5.1;
						TestTargetID = E10B9C0A270C56EF00130B90;
					};
				};
			};
			buildConfigurationList = E10B9C06270C56EF00130B90 /* Build configuration list for PBXProject "Bullet" */;
			compatibilityVersion = "Xcode 9.3";
			developmentRegion = en;
			hasScannedForEncodings = 0;
			knownRegions = (
				en,
				Base,
			);
			mainGroup = E10B9C02270C56EF00130B90;
			productRefGroup = E10B9C0C270C56EF00130B90 /* Products */;
			projectDirPath = "";
			projectRoot = "";
			targets = (
				E10B9C0A270C56EF00130B90 /* Bullet */,
				E10B9C20270C56F200130B90 /* BulletTests */,
				E10B9C2B270C56F200130B90 /* BulletUITests */,
			);
		};
/* End PBXProject section */

/* Begin PBXResourcesBuildPhase section */
		E10B9C09270C56EF00130B90 /* Resources */ = {
			isa = PBXResourcesBuildPhase;
			buildActionMask = 2147483647;
			files = (
				E10B9C1B270C56F200130B90 /* LaunchScreen.storyboard in Resources */,
				E10B9C18270C56F200130B90 /* Preview Assets.xcassets in Resources */,
				E10B9C15270C56F200130B90 /* Assets.xcassets in Resources */,
			);
			runOnlyForDeploymentPostprocessing = 0;
		};
		E10B9C1F270C56F200130B90 /* Resources */ = {
			isa = PBXResourcesBuildPhase;
			buildActionMask = 2147483647;
			files = (
			);
			runOnlyForDeploymentPostprocessing = 0;
		};
		E10B9C2A270C56F200130B90 /* Resources */ = {
			isa = PBXResourcesBuildPhase;
			buildActionMask = 2147483647;
			files = (
			);
			runOnlyForDeploymentPostprocessing = 0;
		};
/* End PBXResourcesBuildPhase section */

/* Begin PBXSourcesBuildPhase section */
		E10B9C07270C56EF00130B90 /* Sources */ = {
			isa = PBXSourcesBuildPhase;
			buildActionMask = 2147483647;
			files = (
				E10B9C3F270C571000130B90 /* Sight.swift in Sources */,
				E10B9C0F270C56EF00130B90 /* AppDelegate.swift in Sources */,
				E10B9C42270C57A500130B90 /* Bullet.swift in Sources */,
				E10B9C11270C56EF00130B90 /* SceneDelegate.swift in Sources */,
				E1CFCF7F270C7AAF007A21AF /* Bag.swift in Sources */,
				E10B9C13270C56EF00130B90 /* ContentView.swift in Sources */,
			);
			runOnlyForDeploymentPostprocessing = 0;
		};
		E10B9C1D270C56F200130B90 /* Sources */ = {
			isa = PBXSourcesBuildPhase;
			buildActionMask = 2147483647;
			files = (
				E10B9C26270C56F200130B90 /* BulletTests.swift in Sources */,
				E1CFCF7D270C75A0007A21AF /* Sight.swift in Sources */,
				E1CFCF7B270C7461007A21AF /* SightTests.swift in Sources */,
				E1CFCF7C270C748B007A21AF /* Bullet.swift in Sources */,
			);
			runOnlyForDeploymentPostprocessing = 0;
		};
		E10B9C28270C56F200130B90 /* Sources */ = {
			isa = PBXSourcesBuildPhase;
			buildActionMask = 2147483647;
			files = (
				E10B9C31270C56F200130B90 /* BulletUITests.swift in Sources */,
			);
			runOnlyForDeploymentPostprocessing = 0;
		};
/* End PBXSourcesBuildPhase section */

/* Begin PBXTargetDependency section */
		E10B9C23270C56F200130B90 /* PBXTargetDependency */ = {
			isa = PBXTargetDependency;
			target = E10B9C0A270C56EF00130B90 /* Bullet */;
			targetProxy = E10B9C22270C56F200130B90 /* PBXContainerItemProxy */;
		};
		E10B9C2E270C56F200130B90 /* PBXTargetDependency */ = {
			isa = PBXTargetDependency;
			target = E10B9C0A270C56EF00130B90 /* Bullet */;
			targetProxy = E10B9C2D270C56F200130B90 /* PBXContainerItemProxy */;
		};
/* End PBXTargetDependency section */

/* Begin PBXVariantGroup section */
		E10B9C19270C56F200130B90 /* LaunchScreen.storyboard */ = {
			isa = PBXVariantGroup;
			children = (
				E10B9C1A270C56F200130B90 /* Base */,
			);
			name = LaunchScreen.storyboard;
			sourceTree = "<group>";
		};
/* End PBXVariantGroup section */

/* Begin XCBuildConfiguration section */
		E10B9C33270C56F200130B90 /* Debug */ = {
			isa = XCBuildConfiguration;
			buildSettings = {
				ALWAYS_SEARCH_USER_PATHS = NO;
				CLANG_ANALYZER_NONNULL = YES;
				CLANG_ANALYZER_NUMBER_OBJECT_CONVERSION = YES_AGGRESSIVE;
				CLANG_CXX_LANGUAGE_STANDARD = "gnu++14";
				CLANG_CXX_LIBRARY = "libc++";
				CLANG_ENABLE_MODULES = YES;
				CLANG_ENABLE_OBJC_ARC = YES;
				CLANG_ENABLE_OBJC_WEAK = YES;
				CLANG_WARN_BLOCK_CAPTURE_AUTORELEASING = YES;
				CLANG_WARN_BOOL_CONVERSION = YES;
				CLANG_WARN_COMMA = YES;
				CLANG_WARN_CONSTANT_CONVERSION = YES;
				CLANG_WARN_DEPRECATED_OBJC_IMPLEMENTATIONS = YES;
				CLANG_WARN_DIRECT_OBJC_ISA_USAGE = YES_ERROR;
				CLANG_WARN_DOCUMENTATION_COMMENTS = YES;
				CLANG_WARN_EMPTY_BODY = YES;
				CLANG_WARN_ENUM_CONVERSION = YES;
				CLANG_WARN_INFINITE_RECURSION = YES;
				CLANG_WARN_INT_CONVERSION = YES;
				CLANG_WARN_NON_LITERAL_NULL_CONVERSION = YES;
				CLANG_WARN_OBJC_IMPLICIT_RETAIN_SELF = YES;
				CLANG_WARN_OBJC_LITERAL_CONVERSION = YES;
				CLANG_WARN_OBJC_ROOT_CLASS = YES_ERROR;
				CLANG_WARN_QUOTED_INCLUDE_IN_FRAMEWORK_HEADER = YES;
				CLANG_WARN_RANGE_LOOP_ANALYSIS = YES;
				CLANG_WARN_STRICT_PROTOTYPES = YES;
				CLANG_WARN_SUSPICIOUS_MOVE = YES;
				CLANG_WARN_UNGUARDED_AVAILABILITY = YES_AGGRESSIVE;
				CLANG_WARN_UNREACHABLE_CODE = YES;
				CLANG_WARN__DUPLICATE_METHOD_MATCH = YES;
				COPY_PHASE_STRIP = NO;
				DEBUG_INFORMATION_FORMAT = dwarf;
				ENABLE_STRICT_OBJC_MSGSEND = YES;
				ENABLE_TESTABILITY = YES;
				GCC_C_LANGUAGE_STANDARD = gnu11;
				GCC_DYNAMIC_NO_PIC = NO;
				GCC_NO_COMMON_BLOCKS = YES;
				GCC_OPTIMIZATION_LEVEL = 0;
				GCC_PREPROCESSOR_DEFINITIONS = (
					"DEBUG=1",
					"$(inherited)",
				);
				GCC_WARN_64_TO_32_BIT_CONVERSION = YES;
				GCC_WARN_ABOUT_RETURN_TYPE = YES_ERROR;
				GCC_WARN_UNDECLARED_SELECTOR = YES;
				GCC_WARN_UNINITIALIZED_AUTOS = YES_AGGRESSIVE;
				GCC_WARN_UNUSED_FUNCTION = YES;
				GCC_WARN_UNUSED_VARIABLE = YES;
				IPHONEOS_DEPLOYMENT_TARGET = 14.5;
				MTL_ENABLE_DEBUG_INFO = INCLUDE_SOURCE;
				MTL_FAST_MATH = YES;
				ONLY_ACTIVE_ARCH = YES;
				SDKROOT = iphoneos;
				SWIFT_ACTIVE_COMPILATION_CONDITIONS = DEBUG;
				SWIFT_OPTIMIZATION_LEVEL = "-Onone";
			};
			name = Debug;
		};
		E10B9C34270C56F200130B90 /* Release */ = {
			isa = XCBuildConfiguration;
			buildSettings = {
				ALWAYS_SEARCH_USER_PATHS = NO;
				CLANG_ANALYZER_NONNULL = YES;
				CLANG_ANALYZER_NUMBER_OBJECT_CONVERSION = YES_AGGRESSIVE;
				CLANG_CXX_LANGUAGE_STANDARD = "gnu++14";
				CLANG_CXX_LIBRARY = "libc++";
				CLANG_ENABLE_MODULES = YES;
				CLANG_ENABLE_OBJC_ARC = YES;
				CLANG_ENABLE_OBJC_WEAK = YES;
				CLANG_WARN_BLOCK_CAPTURE_AUTORELEASING = YES;
				CLANG_WARN_BOOL_CONVERSION = YES;
				CLANG_WARN_COMMA = YES;
				CLANG_WARN_CONSTANT_CONVERSION = YES;
				CLANG_WARN_DEPRECATED_OBJC_IMPLEMENTATIONS = YES;
				CLANG_WARN_DIRECT_OBJC_ISA_USAGE = YES_ERROR;
				CLANG_WARN_DOCUMENTATION_COMMENTS = YES;
				CLANG_WARN_EMPTY_BODY = YES;
				CLANG_WARN_ENUM_CONVERSION = YES;
				CLANG_WARN_INFINITE_RECURSION = YES;
				CLANG_WARN_INT_CONVERSION = YES;
				CLANG_WARN_NON_LITERAL_NULL_CONVERSION = YES;
				CLANG_WARN_OBJC_IMPLICIT_RETAIN_SELF = YES;
				CLANG_WARN_OBJC_LITERAL_CONVERSION = YES;
				CLANG_WARN_OBJC_ROOT_CLASS = YES_ERROR;
				CLANG_WARN_QUOTED_INCLUDE_IN_FRAMEWORK_HEADER = YES;
				CLANG_WARN_RANGE_LOOP_ANALYSIS = YES;
				CLANG_WARN_STRICT_PROTOTYPES = YES;
				CLANG_WARN_SUSPICIOUS_MOVE = YES;
				CLANG_WARN_UNGUARDED_AVAILABILITY = YES_AGGRESSIVE;
				CLANG_WARN_UNREACHABLE_CODE = YES;
				CLANG_WARN__DUPLICATE_METHOD_MATCH = YES;
				COPY_PHASE_STRIP = NO;
				DEBUG_INFORMATION_FORMAT = "dwarf-with-dsym";
				ENABLE_NS_ASSERTIONS = NO;
				ENABLE_STRICT_OBJC_MSGSEND = YES;
				GCC_C_LANGUAGE_STANDARD = gnu11;
				GCC_NO_COMMON_BLOCKS = YES;
				GCC_WARN_64_TO_32_BIT_CONVERSION = YES;
				GCC_WARN_ABOUT_RETURN_TYPE = YES_ERROR;
				GCC_WARN_UNDECLARED_SELECTOR = YES;
				GCC_WARN_UNINITIALIZED_AUTOS = YES_AGGRESSIVE;
				GCC_WARN_UNUSED_FUNCTION = YES;
				GCC_WARN_UNUSED_VARIABLE = YES;
				IPHONEOS_DEPLOYMENT_TARGET = 14.5;
				MTL_ENABLE_DEBUG_INFO = NO;
				MTL_FAST_MATH = YES;
				SDKROOT = iphoneos;
				SWIFT_COMPILATION_MODE = wholemodule;
				SWIFT_OPTIMIZATION_LEVEL = "-O";
				VALIDATE_PRODUCT = YES;
			};
			name = Release;
		};
		E10B9C36270C56F200130B90 /* Debug */ = {
			isa = XCBuildConfiguration;
			buildSettings = {
				ASSETCATALOG_COMPILER_APPICON_NAME = AppIcon;
				ASSETCATALOG_COMPILER_GLOBAL_ACCENT_COLOR_NAME = AccentColor;
				CODE_SIGN_STYLE = Automatic;
				DEVELOPMENT_ASSET_PATHS = "\"Bullet/Preview Content\"";
				DEVELOPMENT_TEAM = AAW9NH5V2G;
				ENABLE_PREVIEWS = YES;
				INFOPLIST_FILE = Bullet/Info.plist;
				LD_RUNPATH_SEARCH_PATHS = (
					"$(inherited)",
					"@executable_path/Frameworks",
				);
				PRODUCT_BUNDLE_IDENTIFIER = fp.Bullet;
				PRODUCT_NAME = "$(TARGET_NAME)";
				SWIFT_VERSION = 5.0;
				TARGETED_DEVICE_FAMILY = "1,2";
			};
			name = Debug;
		};
		E10B9C37270C56F200130B90 /* Release */ = {
			isa = XCBuildConfiguration;
			buildSettings = {
				ASSETCATALOG_COMPILER_APPICON_NAME = AppIcon;
				ASSETCATALOG_COMPILER_GLOBAL_ACCENT_COLOR_NAME = AccentColor;
				CODE_SIGN_STYLE = Automatic;
				DEVELOPMENT_ASSET_PATHS = "\"Bullet/Preview Content\"";
				DEVELOPMENT_TEAM = AAW9NH5V2G;
				ENABLE_PREVIEWS = YES;
				INFOPLIST_FILE = Bullet/Info.plist;
				LD_RUNPATH_SEARCH_PATHS = (
					"$(inherited)",
					"@executable_path/Frameworks",
				);
				PRODUCT_BUNDLE_IDENTIFIER = fp.Bullet;
				PRODUCT_NAME = "$(TARGET_NAME)";
				SWIFT_VERSION = 5.0;
				TARGETED_DEVICE_FAMILY = "1,2";
			};
			name = Release;
		};
		E10B9C39270C56F200130B90 /* Debug */ = {
			isa = XCBuildConfiguration;
			buildSettings = {
				ALWAYS_EMBED_SWIFT_STANDARD_LIBRARIES = YES;
				BUNDLE_LOADER = "$(TEST_HOST)";
				CODE_SIGN_STYLE = Automatic;
				DEVELOPMENT_TEAM = AAW9NH5V2G;
				INFOPLIST_FILE = BulletTests/Info.plist;
				IPHONEOS_DEPLOYMENT_TARGET = 14.5;
				LD_RUNPATH_SEARCH_PATHS = (
					"$(inherited)",
					"@executable_path/Frameworks",
					"@loader_path/Frameworks",
				);
				PRODUCT_BUNDLE_IDENTIFIER = fp.BulletTests;
				PRODUCT_NAME = "$(TARGET_NAME)";
				SWIFT_VERSION = 5.0;
				TARGETED_DEVICE_FAMILY = "1,2";
				TEST_HOST = "$(BUILT_PRODUCTS_DIR)/Bullet.app/Bullet";
			};
			name = Debug;
		};
		E10B9C3A270C56F200130B90 /* Release */ = {
			isa = XCBuildConfiguration;
			buildSettings = {
				ALWAYS_EMBED_SWIFT_STANDARD_LIBRARIES = YES;
				BUNDLE_LOADER = "$(TEST_HOST)";
				CODE_SIGN_STYLE = Automatic;
				DEVELOPMENT_TEAM = AAW9NH5V2G;
				INFOPLIST_FILE = BulletTests/Info.plist;
				IPHONEOS_DEPLOYMENT_TARGET = 14.5;
				LD_RUNPATH_SEARCH_PATHS = (
					"$(inherited)",
					"@executable_path/Frameworks",
					"@loader_path/Frameworks",
				);
				PRODUCT_BUNDLE_IDENTIFIER = fp.BulletTests;
				PRODUCT_NAME = "$(TARGET_NAME)";
				SWIFT_VERSION = 5.0;
				TARGETED_DEVICE_FAMILY = "1,2";
				TEST_HOST = "$(BUILT_PRODUCTS_DIR)/Bullet.app/Bullet";
			};
			name = Release;
		};
		E10B9C3C270C56F200130B90 /* Debug */ = {
			isa = XCBuildConfiguration;
			buildSettings = {
				ALWAYS_EMBED_SWIFT_STANDARD_LIBRARIES = YES;
				CODE_SIGN_STYLE = Automatic;
				DEVELOPMENT_TEAM = AAW9NH5V2G;
				INFOPLIST_FILE = BulletUITests/Info.plist;
				LD_RUNPATH_SEARCH_PATHS = (
					"$(inherited)",
					"@executable_path/Frameworks",
					"@loader_path/Frameworks",
				);
				PRODUCT_BUNDLE_IDENTIFIER = fp.BulletUITests;
				PRODUCT_NAME = "$(TARGET_NAME)";
				SWIFT_VERSION = 5.0;
				TARGETED_DEVICE_FAMILY = "1,2";
				TEST_TARGET_NAME = Bullet;
			};
			name = Debug;
		};
		E10B9C3D270C56F200130B90 /* Release */ = {
			isa = XCBuildConfiguration;
			buildSettings = {
				ALWAYS_EMBED_SWIFT_STANDARD_LIBRARIES = YES;
				CODE_SIGN_STYLE = Automatic;
				DEVELOPMENT_TEAM = AAW9NH5V2G;
				INFOPLIST_FILE = BulletUITests/Info.plist;
				LD_RUNPATH_SEARCH_PATHS = (
					"$(inherited)",
					"@executable_path/Frameworks",
					"@loader_path/Frameworks",
				);
				PRODUCT_BUNDLE_IDENTIFIER = fp.BulletUITests;
				PRODUCT_NAME = "$(TARGET_NAME)";
				SWIFT_VERSION = 5.0;
				TARGETED_DEVICE_FAMILY = "1,2";
				TEST_TARGET_NAME = Bullet;
			};
			name = Release;
		};
/* End XCBuildConfiguration section */

/* Begin XCConfigurationList section */
		E10B9C06270C56EF00130B90 /* Build configuration list for PBXProject "Bullet" */ = {
			isa = XCConfigurationList;
			buildConfigurations = (
				E10B9C33270C56F200130B90 /* Debug */,
				E10B9C34270C56F200130B90 /* Release */,
			);
			defaultConfigurationIsVisible = 0;
			defaultConfigurationName = Release;
		};
		E10B9C35270C56F200130B90 /* Build configuration list for PBXNativeTarget "Bullet" */ = {
			isa = XCConfigurationList;
			buildConfigurations = (
				E10B9C36270C56F200130B90 /* Debug */,
				E10B9C37270C56F200130B90 /* Release */,
			);
			defaultConfigurationIsVisible = 0;
			defaultConfigurationName = Release;
		};
		E10B9C38270C56F200130B90 /* Build configuration list for PBXNativeTarget "BulletTests" */ = {
			isa = XCConfigurationList;
			buildConfigurations = (
				E10B9C39270C56F200130B90 /* Debug */,
				E10B9C3A270C56F200130B90 /* Release */,
			);
			defaultConfigurationIsVisible = 0;
			defaultConfigurationName = Release;
		};
		E10B9C3B270C56F200130B90 /* Build configuration list for PBXNativeTarget "BulletUITests" */ = {
			isa = XCConfigurationList;
			buildConfigurations = (
				E10B9C3C270C56F200130B90 /* Debug */,
				E10B9C3D270C56F200130B90 /* Release */,
			);
			defaultConfigurationIsVisible = 0;
			defaultConfigurationName = Release;
		};
/* End XCConfigurationList section */
	};
	rootObject = E10B9C03270C56EF00130B90 /* Project object */;
}
